dependencies:
- name: baserow
  repository: file://charts/baserow-common
  version: 1.0.57
- name: baserow
  repository: file://charts/baserow-common
  version: 1.0.57
- name: baserow
  repository: file://charts/baserow-common
  version: 1.0.57
- name: baserow
  repository: file://charts/baserow-common
  version: 1.0.57
- name: baserow
  repository: file://charts/baserow-common
  version: 1.0.57
- name: baserow
  repository: file://charts/baserow-common
  version: 1.0.57
- name: baserow
  repository: file://charts/baserow-common
  version: 1.0.57
- name: baserow
  repository: file://charts/baserow-common
  version: 1.0.57
- name: redis
  repository: https://charts.bitnami.com/bitnami
  version: 19.5.5
- name: postgresql
  repository: https://charts.bitnami.com/bitnami
  version: 15.5.38
- name: minio
  repository: https://charts.bitnami.com/bitnami
  version: 14.6.18
- name: caddy-ingress-controller
  repository: https://caddyserver.github.io/ingress
  version: 1.1.0
digest: sha256:379e9818276fe0ecca56873fff7385c3858a62c3051b7ec32f191bdbff894237
generated: "2026-09-15T15:47:10.305568+02:00"
