dependencies:
- name: baserow
  repository: file://charts/baserow-common
  version: 1.0.53
- name: baserow
  repository: file://charts/baserow-common
  version: 1.0.53
- name: baserow
  repository: file://charts/baserow-common
  version: 1.0.53
- name: baserow
  repository: file://charts/baserow-common
  version: 1.0.53
- name: baserow
  repository: file://charts/baserow-common
  version: 1.0.53
- name: baserow
  repository: file://charts/baserow-common
  version: 1.0.53
- name: baserow
  repository: file://charts/baserow-common
  version: 1.0.53
- name: baserow
  repository: file://charts/baserow-common
  version: 1.0.53
- name: redis
  repository: https://charts.bitnami.com/bitnami
  version: 19.5.5
- name: postgresql
  repository: https://charts.bitnami.com/bitnami
  version: 15.5.38
- name: minio
  repository: https://charts.bitnami.com/bitnami
  version: 14.6.18
- name: caddy-ingress-controller
  repository: https://caddyserver.github.io/ingress
  version: 1.1.0
digest: sha256:250d2f28f6b7f352096af765aeacaa295b4dc022f00810b78b546b0e85e70a56
generated: "2026-07-07T15:11:51.909774+02:00"
