dependencies:
- name: baserow
  repository: file://charts/baserow-common
  version: 1.0.54
- name: baserow
  repository: file://charts/baserow-common
  version: 1.0.54
- name: baserow
  repository: file://charts/baserow-common
  version: 1.0.54
- name: baserow
  repository: file://charts/baserow-common
  version: 1.0.54
- name: baserow
  repository: file://charts/baserow-common
  version: 1.0.54
- name: baserow
  repository: file://charts/baserow-common
  version: 1.0.54
- name: baserow
  repository: file://charts/baserow-common
  version: 1.0.54
- name: baserow
  repository: file://charts/baserow-common
  version: 1.0.54
- name: redis
  repository: https://charts.bitnami.com/bitnami
  version: 19.5.5
- name: postgresql
  repository: https://charts.bitnami.com/bitnami
  version: 15.5.38
- name: minio
  repository: https://charts.bitnami.com/bitnami
  version: 14.6.18
- name: caddy-ingress-controller
  repository: https://caddyserver.github.io/ingress
  version: 1.1.0
digest: sha256:ec058ed1f552344ee63da01a69137ffe51b77711eb14d8668afc27860938df7f
generated: "2026-07-09T17:46:13.423091+02:00"
